
Microsoft Visual Studio Solution File, Format Version 12.00
Project("{FAE04EC0-301F-11D3-BF4B-00C04F79EFBC}") = "currency_converter_app", "currency_converter_app\currency_converter_app.csproj", "{1186976F-C299-4764-81F7-0BBEEF781F8B}"
EndProject
Global
	GlobalSection(SolutionConfigurationPlatforms) = preSolution
		Debug|Any CPU = Debug|Any CPU
		Release|Any CPU = Release|Any CPU
	EndGlobalSection
	GlobalSection(ProjectConfigurationPlatforms) = postSolution
		{1186976F-C299-4764-81F7-0BBEEF781F8B}.Debug|Any CPU.ActiveCfg = Debug|Any CPU
		{1186976F-C299-4764-81F7-0BBEEF781F8B}.Debug|Any CPU.Build.0 = Debug|Any CPU
		{1186976F-C299-4764-81F7-0BBEEF781F8B}.Release|Any CPU.ActiveCfg = Release|Any CPU
		{1186976F-C299-4764-81F7-0BBEEF781F8B}.Release|Any CPU.Build.0 = Release|Any CPU
	EndGlobalSection
EndGlobal
